// !$*UTF8*$!
{
	archiveVersion = 1;
	classes = {
	};
	objectVersion = 46;
	objects = {

/* Begin PBXBuildFile section */
		C784EE8B1EF67E22008657A8 /* TwitterAPI.swift in Sources */ = {isa = PBXBuildFile; fileRef = C784EE8A1EF67E22008657A8 /* TwitterAPI.swift */; };
		C784EE8D1EF68BA0008657A8 /* TwitterRequest.swift in Sources */ = {isa = PBXBuildFile; fileRef = C784EE8C1EF68BA0008657A8 /* TwitterRequest.swift */; };
		C784EE8F1EF77B3F008657A8 /* OAuthSwift.framework in Frameworks */ = {isa = PBXBuildFile; fileRef = C784EE8E1EF77B3F008657A8 /* OAuthSwift.framework */; };
		C784EE901EF77B3F008657A8 /* OAuthSwift.framework in Embed Frameworks */ = {isa = PBXBuildFile; fileRef = C784EE8E1EF77B3F008657A8 /* OAuthSwift.framework */; settings = {ATTRIBUTES = (CodeSignOnCopy, RemoveHeadersOnCopy, ); }; };
		C784EE921EF77F3B008657A8 /* LoginViewController.swift in Sources */ = {isa = PBXBuildFile; fileRef = C784EE911EF77F3B008657A8 /* LoginViewController.swift */; };
		C78EC7661EF920450051C408 /* TwitterOAuth.swift in Sources */ = {isa = PBXBuildFile; fileRef = C78EC7651EF920450051C408 /* TwitterOAuth.swift */; };
		C7C8799C1EF4EC8700E69DCD /* AppDelegate.swift in Sources */ = {isa = PBXBuildFile; fileRef = C7C8799B1EF4EC8700E69DCD /* AppDelegate.swift */; };
		C7C879A31EF4EC8700E69DCD /* Assets.xcassets in Resources */ = {isa = PBXBuildFile; fileRef = C7C879A21EF4EC8700E69DCD /* Assets.xcassets */; };
		C7C879A61EF4EC8700E69DCD /* LaunchScreen.storyboard in Resources */ = {isa = PBXBuildFile; fileRef = C7C879A41EF4EC8700E69DCD /* LaunchScreen.storyboard */; };
		C7C879B61EF4F69300E69DCD /* APIKit.framework in Frameworks */ = {isa = PBXBuildFile; fileRef = C7C879AD1EF4F69300E69DCD /* APIKit.framework */; };
		C7C879B71EF4F69300E69DCD /* APIKit.framework in Embed Frameworks */ = {isa = PBXBuildFile; fileRef = C7C879AD1EF4F69300E69DCD /* APIKit.framework */; settings = {ATTRIBUTES = (CodeSignOnCopy, RemoveHeadersOnCopy, ); }; };
		C7C879BA1EF4F69300E69DCD /* Mapper.framework in Frameworks */ = {isa = PBXBuildFile; fileRef = C7C879AF1EF4F69300E69DCD /* Mapper.framework */; };
		C7C879BB1EF4F69300E69DCD /* Mapper.framework in Embed Frameworks */ = {isa = PBXBuildFile; fileRef = C7C879AF1EF4F69300E69DCD /* Mapper.framework */; settings = {ATTRIBUTES = (CodeSignOnCopy, RemoveHeadersOnCopy, ); }; };
		C7C879BC1EF4F69300E69DCD /* RealmSwift.framework in Frameworks */ = {isa = PBXBuildFile; fileRef = C7C879B11EF4F69300E69DCD /* RealmSwift.framework */; };
		C7C879BD1EF4F69300E69DCD /* RealmSwift.framework in Embed Frameworks */ = {isa = PBXBuildFile; fileRef = C7C879B11EF4F69300E69DCD /* RealmSwift.framework */; settings = {ATTRIBUTES = (CodeSignOnCopy, RemoveHeadersOnCopy, ); }; };
		C7C879BE1EF4F69300E69DCD /* Result.framework in Frameworks */ = {isa = PBXBuildFile; fileRef = C7C879B21EF4F69300E69DCD /* Result.framework */; };
		C7C879BF1EF4F69300E69DCD /* Result.framework in Embed Frameworks */ = {isa = PBXBuildFile; fileRef = C7C879B21EF4F69300E69DCD /* Result.framework */; settings = {ATTRIBUTES = (CodeSignOnCopy, RemoveHeadersOnCopy, ); }; };
		C7C879C01EF4F69300E69DCD /* RxCocoa.framework in Frameworks */ = {isa = PBXBuildFile; fileRef = C7C879B31EF4F69300E69DCD /* RxCocoa.framework */; };
		C7C879C11EF4F69300E69DCD /* RxCocoa.framework in Embed Frameworks */ = {isa = PBXBuildFile; fileRef = C7C879B31EF4F69300E69DCD /* RxCocoa.framework */; settings = {ATTRIBUTES = (CodeSignOnCopy, RemoveHeadersOnCopy, ); }; };
		C7C879C21EF4F69300E69DCD /* RxSwift.framework in Frameworks */ = {isa = PBXBuildFile; fileRef = C7C879B41EF4F69300E69DCD /* RxSwift.framework */; };
		C7C879C31EF4F69300E69DCD /* RxSwift.framework in Embed Frameworks */ = {isa = PBXBuildFile; fileRef = C7C879B41EF4F69300E69DCD /* RxSwift.framework */; settings = {ATTRIBUTES = (CodeSignOnCopy, RemoveHeadersOnCopy, ); }; };
		C7C879C41EF4F69300E69DCD /* SnapKit.framework in Frameworks */ = {isa = PBXBuildFile; fileRef = C7C879B51EF4F69300E69DCD /* SnapKit.framework */; };
		C7C879C51EF4F69300E69DCD /* SnapKit.framework in Embed Frameworks */ = {isa = PBXBuildFile; fileRef = C7C879B51EF4F69300E69DCD /* SnapKit.framework */; settings = {ATTRIBUTES = (CodeSignOnCopy, RemoveHeadersOnCopy, ); }; };
		C7C879C91EF4F7B300E69DCD /* Realm.framework in Frameworks */ = {isa = PBXBuildFile; fileRef = C7C879C81EF4F7B300E69DCD /* Realm.framework */; };
		C7C879CA1EF4F7B300E69DCD /* Realm.framework in Embed Frameworks */ = {isa = PBXBuildFile; fileRef = C7C879C81EF4F7B300E69DCD /* Realm.framework */; settings = {ATTRIBUTES = (CodeSignOnCopy, RemoveHeadersOnCopy, ); }; };
		C7C879CF1EF5104600E69DCD /* TweetTimelineViewController.swift in Sources */ = {isa = PBXBuildFile; fileRef = C7C879CE1EF5104600E69DCD /* TweetTimelineViewController.swift */; };
		C7C879D11EF517FD00E69DCD /* TweetCell.swift in Sources */ = {isa = PBXBuildFile; fileRef = C7C879D01EF517FD00E69DCD /* TweetCell.swift */; };
		C7DF941C1EFB51DB0058DF1B /* LoginViewModel.swift in Sources */ = {isa = PBXBuildFile; fileRef = C7DF941B1EFB51DB0058DF1B /* LoginViewModel.swift */; };
/* End PBXBuildFile section */

/* Begin PBXCopyFilesBuildPhase section */
		C7C879C61EF4F69300E69DCD /* Embed Frameworks */ = {
			isa = PBXCopyFilesBuildPhase;
			buildActionMask = 2147483647;
			dstPath = "";
			dstSubfolderSpec = 10;
			files = (
				C7C879CA1EF4F7B300E69DCD /* Realm.framework in Embed Frameworks */,
				C7C879C11EF4F69300E69DCD /* RxCocoa.framework in Embed Frameworks */,
				C784EE901EF77B3F008657A8 /* OAuthSwift.framework in Embed Frameworks */,
				C7C879BB1EF4F69300E69DCD /* Mapper.framework in Embed Frameworks */,
				C7C879C31EF4F69300E69DCD /* RxSwift.framework in Embed Frameworks */,
				C7C879BF1EF4F69300E69DCD /* Result.framework in Embed Frameworks */,
				C7C879BD1EF4F69300E69DCD /* RealmSwift.framework in Embed Frameworks */,
				C7C879B71EF4F69300E69DCD /* APIKit.framework in Embed Frameworks */,
				C7C879C51EF4F69300E69DCD /* SnapKit.framework in Embed Frameworks */,
			);
			name = "Embed Frameworks";
			runOnlyForDeploymentPostprocessing = 0;
		};
/* End PBXCopyFilesBuildPhase section */

/* Begin PBXFileReference section */
		C784EE8A1EF67E22008657A8 /* TwitterAPI.swift */ = {isa = PBXFileReference; fileEncoding = 4; lastKnownFileType = sourcecode.swift; path = TwitterAPI.swift; sourceTree = "<group>"; };
		C784EE8C1EF68BA0008657A8 /* TwitterRequest.swift */ = {isa = PBXFileReference; fileEncoding = 4; lastKnownFileType = sourcecode.swift; path = TwitterRequest.swift; sourceTree = "<group>"; };
		C784EE8E1EF77B3F008657A8 /* OAuthSwift.framework */ = {isa = PBXFileReference; lastKnownFileType = wrapper.framework; name = OAuthSwift.framework; path = Carthage/Build/iOS/OAuthSwift.framework; sourceTree = "<group>"; };
		C784EE911EF77F3B008657A8 /* LoginViewController.swift */ = {isa = PBXFileReference; fileEncoding = 4; lastKnownFileType = sourcecode.swift; path = LoginViewController.swift; sourceTree = "<group>"; };
		C78EC7621EF8CE440051C408 /* TwitterClientApp-Bridging-Header.h */ = {isa = PBXFileReference; lastKnownFileType = sourcecode.c.h; path = "TwitterClientApp-Bridging-Header.h"; sourceTree = "<group>"; };
		C78EC7651EF920450051C408 /* TwitterOAuth.swift */ = {isa = PBXFileReference; fileEncoding = 4; lastKnownFileType = sourcecode.swift; path = TwitterOAuth.swift; sourceTree = "<group>"; };
		C7C879981EF4EC8700E69DCD /* TwitterClientApp.app */ = {isa = PBXFileReference; explicitFileType = wrapper.application; includeInIndex = 0; path = TwitterClientApp.app; sourceTree = BUILT_PRODUCTS_DIR; };
		C7C8799B1EF4EC8700E69DCD /* AppDelegate.swift */ = {isa = PBXFileReference; lastKnownFileType = sourcecode.swift; path = AppDelegate.swift; sourceTree = "<group>"; };
		C7C879A21EF4EC8700E69DCD /* Assets.xcassets */ = {isa = PBXFileReference; lastKnownFileType = folder.assetcatalog; path = Assets.xcassets; sourceTree = "<group>"; };
		C7C879A51EF4EC8700E69DCD /* Base */ = {isa = PBXFileReference; lastKnownFileType = file.storyboard; name = Base; path = Base.lproj/LaunchScreen.storyboard; sourceTree = "<group>"; };
		C7C879A71EF4EC8700E69DCD /* Info.plist */ = {isa = PBXFileReference; lastKnownFileType = text.plist.xml; path = Info.plist; sourceTree = "<group>"; };
		C7C879AD1EF4F69300E69DCD /* APIKit.framework */ = {isa = PBXFileReference; lastKnownFileType = wrapper.framework; name = APIKit.framework; path = Carthage/Build/iOS/APIKit.framework; sourceTree = "<group>"; };
		C7C879AF1EF4F69300E69DCD /* Mapper.framework */ = {isa = PBXFileReference; lastKnownFileType = wrapper.framework; name = Mapper.framework; path = Carthage/Build/iOS/Mapper.framework; sourceTree = "<group>"; };
		C7C879B11EF4F69300E69DCD /* RealmSwift.framework */ = {isa = PBXFileReference; lastKnownFileType = wrapper.framework; name = RealmSwift.framework; path = Carthage/Build/iOS/RealmSwift.framework; sourceTree = "<group>"; };
		C7C879B21EF4F69300E69DCD /* Result.framework */ = {isa = PBXFileReference; lastKnownFileType = wrapper.framework; name = Result.framework; path = Carthage/Build/iOS/Result.framework; sourceTree = "<group>"; };
		C7C879B31EF4F69300E69DCD /* RxCocoa.framework */ = {isa = PBXFileReference; lastKnownFileType = wrapper.framework; name = RxCocoa.framework; path = Carthage/Build/iOS/RxCocoa.framework; sourceTree = "<group>"; };
		C7C879B41EF4F69300E69DCD /* RxSwift.framework */ = {isa = PBXFileReference; lastKnownFileType = wrapper.framework; name = RxSwift.framework; path = Carthage/Build/iOS/RxSwift.framework; sourceTree = "<group>"; };
		C7C879B51EF4F69300E69DCD /* SnapKit.framework */ = {isa = PBXFileReference; lastKnownFileType = wrapper.framework; name = SnapKit.framework; path = Carthage/Build/iOS/SnapKit.framework; sourceTree = "<group>"; };
		C7C879C81EF4F7B300E69DCD /* Realm.framework */ = {isa = PBXFileReference; lastKnownFileType = wrapper.framework; name = Realm.framework; path = Carthage/Build/iOS/Realm.framework; sourceTree = "<group>"; };
		C7C879CE1EF5104600E69DCD /* TweetTimelineViewController.swift */ = {isa = PBXFileReference; fileEncoding = 4; lastKnownFileType = sourcecode.swift; path = TweetTimelineViewController.swift; sourceTree = "<group>"; };
		C7C879D01EF517FD00E69DCD /* TweetCell.swift */ = {isa = PBXFileReference; fileEncoding = 4; lastKnownFileType = sourcecode.swift; path = TweetCell.swift; sourceTree = "<group>"; };
		C7DF941B1EFB51DB0058DF1B /* LoginViewModel.swift */ = {isa = PBXFileReference; fileEncoding = 4; lastKnownFileType = sourcecode.swift; path = LoginViewModel.swift; sourceTree = "<group>"; };
/* End PBXFileReference section */

/* Begin PBXFrameworksBuildPhase section */
		C7C879951EF4EC8700E69DCD /* Frameworks */ = {
			isa = PBXFrameworksBuildPhase;
			buildActionMask = 2147483647;
			files = (
				C7C879C91EF4F7B300E69DCD /* Realm.framework in Frameworks */,
				C7C879C01EF4F69300E69DCD /* RxCocoa.framework in Frameworks */,
				C784EE8F1EF77B3F008657A8 /* OAuthSwift.framework in Frameworks */,
				C7C879BA1EF4F69300E69DCD /* Mapper.framework in Frameworks */,
				C7C879C21EF4F69300E69DCD /* RxSwift.framework in Frameworks */,
				C7C879BE1EF4F69300E69DCD /* Result.framework in Frameworks */,
				C7C879BC1EF4F69300E69DCD /* RealmSwift.framework in Frameworks */,
				C7C879B61EF4F69300E69DCD /* APIKit.framework in Frameworks */,
				C7C879C41EF4F69300E69DCD /* SnapKit.framework in Frameworks */,
			);
			runOnlyForDeploymentPostprocessing = 0;
		};
/* End PBXFrameworksBuildPhase section */

/* Begin PBXGroup section */
		C7C8798F1EF4EC8700E69DCD = {
			isa = PBXGroup;
			children = (
				C7C8799A1EF4EC8700E69DCD /* TwitterClientApp */,
				C7C879991EF4EC8700E69DCD /* Products */,
			);
			sourceTree = "<group>";
		};
		C7C879991EF4EC8700E69DCD /* Products */ = {
			isa = PBXGroup;
			children = (
				C7C879981EF4EC8700E69DCD /* TwitterClientApp.app */,
			);
			name = Products;
			sourceTree = "<group>";
		};
		C7C8799A1EF4EC8700E69DCD /* TwitterClientApp */ = {
			isa = PBXGroup;
			children = (
				C7C8799B1EF4EC8700E69DCD /* AppDelegate.swift */,
				C7C879A21EF4EC8700E69DCD /* Assets.xcassets */,
				C7C879A41EF4EC8700E69DCD /* LaunchScreen.storyboard */,
				C7C879A71EF4EC8700E69DCD /* Info.plist */,
				C7C879D01EF517FD00E69DCD /* TweetCell.swift */,
				C7C879CE1EF5104600E69DCD /* TweetTimelineViewController.swift */,
				C784EE8A1EF67E22008657A8 /* TwitterAPI.swift */,
				C784EE8C1EF68BA0008657A8 /* TwitterRequest.swift */,
				C7C879CB1EF4F7D300E69DCD /* Frameworks */,
				C78EC7621EF8CE440051C408 /* TwitterClientApp-Bridging-Header.h */,
				C78EC7651EF920450051C408 /* TwitterOAuth.swift */,
				C784EE911EF77F3B008657A8 /* LoginViewController.swift */,
				C7DF941B1EFB51DB0058DF1B /* LoginViewModel.swift */,
			);
			path = TwitterClientApp;
			sourceTree = "<group>";
		};
		C7C879CB1EF4F7D300E69DCD /* Frameworks */ = {
			isa = PBXGroup;
			children = (
				C784EE8E1EF77B3F008657A8 /* OAuthSwift.framework */,
				C7C879C81EF4F7B300E69DCD /* Realm.framework */,
				C7C879AD1EF4F69300E69DCD /* APIKit.framework */,
				C7C879AF1EF4F69300E69DCD /* Mapper.framework */,
				C7C879B11EF4F69300E69DCD /* RealmSwift.framework */,
				C7C879B21EF4F69300E69DCD /* Result.framework */,
				C7C879B31EF4F69300E69DCD /* RxCocoa.framework */,
				C7C879B41EF4F69300E69DCD /* RxSwift.framework */,
				C7C879B51EF4F69300E69DCD /* SnapKit.framework */,
			);
			name = Frameworks;
			path = ..;
			sourceTree = "<group>";
		};
/* End PBXGroup section */

/* Begin PBXNativeTarget section */
		C7C879971EF4EC8700E69DCD /* TwitterClientApp */ = {
			isa = PBXNativeTarget;
			buildConfigurationList = C7C879AA1EF4EC8700E69DCD /* Build configuration list for PBXNativeTarget "TwitterClientApp" */;
			buildPhases = (
				C7C879941EF4EC8700E69DCD /* Sources */,
				C7C879951EF4EC8700E69DCD /* Frameworks */,
				C7C879961EF4EC8700E69DCD /* Resources */,
				C7C879C61EF4F69300E69DCD /* Embed Frameworks */,
				C7C879C71EF4F69900E69DCD /* ShellScript */,
			);
			buildRules = (
			);
			dependencies = (
			);
			name = TwitterClientApp;
			productName = TwitterClientApp;
			productReference = C7C879981EF4EC8700E69DCD /* TwitterClientApp.app */;
			productType = "com.apple.product-type.application";
		};
/* End PBXNativeTarget section */

/* Begin PBXProject section */
		C7C879901EF4EC8700E69DCD /* Project object */ = {
			isa = PBXProject;
			attributes = {
				LastSwiftUpdateCheck = 0820;
				LastUpgradeCheck = 0820;
				ORGANIZATIONNAME = mycompany;
				TargetAttributes = {
					C7C879971EF4EC8700E69DCD = {
						CreatedOnToolsVersion = 8.2.1;
						DevelopmentTeam = 4HAR89FJ3K;
						LastSwiftMigration = 0820;
						ProvisioningStyle = Automatic;
					};
				};
			};
			buildConfigurationList = C7C879931EF4EC8700E69DCD /* Build configuration list for PBXProject "TwitterClientApp" */;
			compatibilityVersion = "Xcode 3.2";
			developmentRegion = English;
			hasScannedForEncodings = 0;
			knownRegions = (
				en,
				Base,
			);
			mainGroup = C7C8798F1EF4EC8700E69DCD;
			productRefGroup = C7C879991EF4EC8700E69DCD /* Products */;
			projectDirPath = "";
			projectRoot = "";
			targets = (
				C7C879971EF4EC8700E69DCD /* TwitterClientApp */,
			);
		};
/* End PBXProject section */

/* Begin PBXResourcesBuildPhase section */
		C7C879961EF4EC8700E69DCD /* Resources */ = {
			isa = PBXResourcesBuildPhase;
			buildActionMask = 2147483647;
			files = (
				C7C879A61EF4EC8700E69DCD /* LaunchScreen.storyboard in Resources */,
				C7C879A31EF4EC8700E69DCD /* Assets.xcassets in Resources */,
			);
			runOnlyForDeploymentPostprocessing = 0;
		};
/* End PBXResourcesBuildPhase section */

/* Begin PBXShellScriptBuildPhase section */
		C7C879C71EF4F69900E69DCD /* ShellScript */ = {
			isa = PBXShellScriptBuildPhase;
			buildActionMask = 2147483647;
			files = (
			);
			inputPaths = (
				"$(SRCROOT)/Carthage/Build/iOS/RealmSwift.framework",
				"$(SRCROOT)/Carthage/Build/iOS/SnapKit.framework",
				"$(SRCROOT)/Carthage/Build/iOS/Realm.framework",
				"$(SRCROOT)/Carthage/Build/iOS/RxSwift.framework",
				"$(SRCROOT)/Carthage/Build/iOS/RxCocoa.framework",
				"$(SRCROOT)/Carthage/Build/iOS/APIKit.framework",
				"$(SRCROOT)/Carthage/Build/iOS/Result.framework",
				"$(SRCROOT)/Carthage/Build/iOS/Mapper.framework",
				"$(SRCROOT)/Carthage/Build/iOS/OAuthSwift.framework",
			);
			outputPaths = (
			);
			runOnlyForDeploymentPostprocessing = 0;
			shellPath = /bin/sh;
			shellScript = "/usr/local/bin/carthage copy-frameworks";
		};
/* End PBXShellScriptBuildPhase section */

/* Begin PBXSourcesBuildPhase section */
		C7C879941EF4EC8700E69DCD /* Sources */ = {
			isa = PBXSourcesBuildPhase;
			buildActionMask = 2147483647;
			files = (
				C784EE921EF77F3B008657A8 /* LoginViewController.swift in Sources */,
				C78EC7661EF920450051C408 /* TwitterOAuth.swift in Sources */,
				C784EE8B1EF67E22008657A8 /* TwitterAPI.swift in Sources */,
				C784EE8D1EF68BA0008657A8 /* TwitterRequest.swift in Sources */,
				C7DF941C1EFB51DB0058DF1B /* LoginViewModel.swift in Sources */,
				C7C879D11EF517FD00E69DCD /* TweetCell.swift in Sources */,
				C7C8799C1EF4EC8700E69DCD /* AppDelegate.swift in Sources */,
				C7C879CF1EF5104600E69DCD /* TweetTimelineViewController.swift in Sources */,
			);
			runOnlyForDeploymentPostprocessing = 0;
		};
/* End PBXSourcesBuildPhase section */

/* Begin PBXVariantGroup section */
		C7C879A41EF4EC8700E69DCD /* LaunchScreen.storyboard */ = {
			isa = PBXVariantGroup;
			children = (
				C7C879A51EF4EC8700E69DCD /* Base */,
			);
			name = LaunchScreen.storyboard;
			sourceTree = "<group>";
		};
/* End PBXVariantGroup section */

/* Begin XCBuildConfiguration section */
		C7C879A81EF4EC8700E69DCD /* Debug */ = {
			isa = XCBuildConfiguration;
			buildSettings = {
				ALWAYS_SEARCH_USER_PATHS = NO;
				CLANG_ANALYZER_NONNULL = YES;
				CLANG_CXX_LANGUAGE_STANDARD = "gnu++0x";
				CLANG_CXX_LIBRARY = "libc++";
				CLANG_ENABLE_MODULES = YES;
				CLANG_ENABLE_OBJC_ARC = YES;
				CLANG_WARN_BOOL_CONVERSION = YES;
				CLANG_WARN_CONSTANT_CONVERSION = YES;
				CLANG_WARN_DIRECT_OBJC_ISA_USAGE = YES_ERROR;
				CLANG_WARN_DOCUMENTATION_COMMENTS = YES;
				CLANG_WARN_EMPTY_BODY = YES;
				CLANG_WARN_ENUM_CONVERSION = YES;
				CLANG_WARN_INFINITE_RECURSION = YES;
				CLANG_WARN_INT_CONVERSION = YES;
				CLANG_WARN_OBJC_ROOT_CLASS = YES_ERROR;
				CLANG_WARN_SUSPICIOUS_MOVE = YES;
				CLANG_WARN_UNREACHABLE_CODE = YES;
				CLANG_WARN__DUPLICATE_METHOD_MATCH = YES;
				"CODE_SIGN_IDENTITY[sdk=iphoneos*]" = "iPhone Developer";
				COPY_PHASE_STRIP = NO;
				DEBUG_INFORMATION_FORMAT = dwarf;
				ENABLE_STRICT_OBJC_MSGSEND = YES;
				ENABLE_TESTABILITY = YES;
				GCC_C_LANGUAGE_STANDARD = gnu99;
				GCC_DYNAMIC_NO_PIC = NO;
				GCC_NO_COMMON_BLOCKS = YES;
				GCC_OPTIMIZATION_LEVEL = 0;
				GCC_PREPROCESSOR_DEFINITIONS = (
					"DEBUG=1",
					"$(inherited)",
				);
				GCC_WARN_64_TO_32_BIT_CONVERSION = YES;
				GCC_WARN_ABOUT_RETURN_TYPE = YES_ERROR;
				GCC_WARN_UNDECLARED_SELECTOR = YES;
				GCC_WARN_UNINITIALIZED_AUTOS = YES_AGGRESSIVE;
				GCC_WARN_UNUSED_FUNCTION = YES;
				GCC_WARN_UNUSED_VARIABLE = YES;
				IPHONEOS_DEPLOYMENT_TARGET = 10.2;
				MTL_ENABLE_DEBUG_INFO = YES;
				ONLY_ACTIVE_ARCH = YES;
				SDKROOT = iphoneos;
				SWIFT_ACTIVE_COMPILATION_CONDITIONS = DEBUG;
				SWIFT_OPTIMIZATION_LEVEL = "-Onone";
			};
			name = Debug;
		};
		C7C879A91EF4EC8700E69DCD /* Release */ = {
			isa = XCBuildConfiguration;
			buildSettings = {
				ALWAYS_SEARCH_USER_PATHS = NO;
				CLANG_ANALYZER_NONNULL = YES;
				CLANG_CXX_LANGUAGE_STANDARD = "gnu++0x";
				CLANG_CXX_LIBRARY = "libc++";
				CLANG_ENABLE_MODULES = YES;
				CLANG_ENABLE_OBJC_ARC = YES;
				CLANG_WARN_BOOL_CONVERSION = YES;
				CLANG_WARN_CONSTANT_CONVERSION = YES;
				CLANG_WARN_DIRECT_OBJC_ISA_USAGE = YES_ERROR;
				CLANG_WARN_DOCUMENTATION_COMMENTS = YES;
				CLANG_WARN_EMPTY_BODY = YES;
				CLANG_WARN_ENUM_CONVERSION = YES;
				CLANG_WARN_INFINITE_RECURSION = YES;
				CLANG_WARN_INT_CONVERSION = YES;
				CLANG_WARN_OBJC_ROOT_CLASS = YES_ERROR;
				CLANG_WARN_SUSPICIOUS_MOVE = YES;
				CLANG_WARN_UNREACHABLE_CODE = YES;
				CLANG_WARN__DUPLICATE_METHOD_MATCH = YES;
				"CODE_SIGN_IDENTITY[sdk=iphoneos*]" = "iPhone Developer";
				COPY_PHASE_STRIP = NO;
				DEBUG_INFORMATION_FORMAT = "dwarf-with-dsym";
				ENABLE_NS_ASSERTIONS = NO;
				ENABLE_STRICT_OBJC_MSGSEND = YES;
				GCC_C_LANGUAGE_STANDARD = gnu99;
				GCC_NO_COMMON_BLOCKS = YES;
				GCC_WARN_64_TO_32_BIT_CONVERSION = YES;
				GCC_WARN_ABOUT_RETURN_TYPE = YES_ERROR;
				GCC_WARN_UNDECLARED_SELECTOR = YES;
				GCC_WARN_UNINITIALIZED_AUTOS = YES_AGGRESSIVE;
				GCC_WARN_UNUSED_FUNCTION = YES;
				GCC_WARN_UNUSED_VARIABLE = YES;
				IPHONEOS_DEPLOYMENT_TARGET = 10.2;
				MTL_ENABLE_DEBUG_INFO = NO;
				SDKROOT = iphoneos;
				SWIFT_OPTIMIZATION_LEVEL = "-Owholemodule";
				VALIDATE_PRODUCT = YES;
			};
			name = Release;
		};
		C7C879AB1EF4EC8700E69DCD /* Debug */ = {
			isa = XCBuildConfiguration;
			buildSettings = {
				ASSETCATALOG_COMPILER_APPICON_NAME = AppIcon;
				CLANG_ENABLE_MODULES = YES;
				DEVELOPMENT_TEAM = 4HAR89FJ3K;
				FRAMEWORK_SEARCH_PATHS = (
					"$(inherited)",
					"$(PROJECT_DIR)/Carthage/Build/iOS",
				);
				INFOPLIST_FILE = TwitterClientApp/Info.plist;
				LD_RUNPATH_SEARCH_PATHS = "$(inherited) @executable_path/Frameworks";
				PRODUCT_BUNDLE_IDENTIFIER = com.mycompany.TwitterClientApp;
				PRODUCT_NAME = "$(TARGET_NAME)";
				SWIFT_OBJC_BRIDGING_HEADER = "TwitterClientApp/TwitterClientApp-Bridging-Header.h";
				SWIFT_OPTIMIZATION_LEVEL = "-Onone";
				SWIFT_VERSION = 3.0;
			};
			name = Debug;
		};
		C7C879AC1EF4EC8700E69DCD /* Release */ = {
			isa = XCBuildConfiguration;
			buildSettings = {
				ASSETCATALOG_COMPILER_APPICON_NAME = AppIcon;
				CLANG_ENABLE_MODULES = YES;
				DEVELOPMENT_TEAM = 4HAR89FJ3K;
				FRAMEWORK_SEARCH_PATHS = (
					"$(inherited)",
					"$(PROJECT_DIR)/Carthage/Build/iOS",
				);
				INFOPLIST_FILE = TwitterClientApp/Info.plist;
				LD_RUNPATH_SEARCH_PATHS = "$(inherited) @executable_path/Frameworks";
				PRODUCT_BUNDLE_IDENTIFIER = com.mycompany.TwitterClientApp;
				PRODUCT_NAME = "$(TARGET_NAME)";
				SWIFT_OBJC_BRIDGING_HEADER = "TwitterClientApp/TwitterClientApp-Bridging-Header.h";
				SWIFT_VERSION = 3.0;
			};
			name = Release;
		};
/* End XCBuildConfiguration section */

/* Begin XCConfigurationList section */
		C7C879931EF4EC8700E69DCD /* Build configuration list for PBXProject "TwitterClientApp" */ = {
			isa = XCConfigurationList;
			buildConfigurations = (
				C7C879A81EF4EC8700E69DCD /* Debug */,
				C7C879A91EF4EC8700E69DCD /* Release */,
			);
			defaultConfigurationIsVisible = 0;
			defaultConfigurationName = Release;
		};
		C7C879AA1EF4EC8700E69DCD /* Build configuration list for PBXNativeTarget "TwitterClientApp" */ = {
			isa = XCConfigurationList;
			buildConfigurations = (
				C7C879AB1EF4EC8700E69DCD /* Debug */,
				C7C879AC1EF4EC8700E69DCD /* Release */,
			);
			defaultConfigurationIsVisible = 0;
			defaultConfigurationName = Release;
		};
/* End XCConfigurationList section */
	};
	rootObject = C7C879901EF4EC8700E69DCD /* Project object */;
}
